// !$*UTF8*$!
{
	archiveVersion = 1;
	classes = {
	};
	objectVersion = 50;
	objects = {

/* Begin PBXBuildFile section */
		9EC3784E2691F1BC00FA9856 /* AppDelegate.swift in Sources */ = {isa = PBXBuildFile; fileRef = 9EC3784D2691F1BC00FA9856 /* AppDelegate.swift */; };
		9EC378502691F1BC00FA9856 /* SceneDelegate.swift in Sources */ = {isa = PBXBuildFile; fileRef = 9EC3784F2691F1BC00FA9856 /* SceneDelegate.swift */; };
		9EC378522691F1BC00FA9856 /* ViewController.swift in Sources */ = {isa = PBXBuildFile; fileRef = 9EC378512691F1BC00FA9856 /* ViewController.swift */; };
		9EC378552691F1BC00FA9856 /* Main.storyboard in Resources */ = {isa = PBXBuildFile; fileRef = 9EC378532691F1BC00FA9856 /* Main.storyboard */; };
		9EC378572691F1BE00FA9856 /* Assets.xcassets in Resources */ = {isa = PBXBuildFile; fileRef = 9EC378562691F1BE00FA9856 /* Assets.xcassets */; };
		9EC3785A2691F1BE00FA9856 /* LaunchScreen.storyboard in Resources */ = {isa = PBXBuildFile; fileRef = 9EC378582691F1BE00FA9856 /* LaunchScreen.storyboard */; };
		9EC378622691F89300FA9856 /* secondViewController.swift in Sources */ = {isa = PBXBuildFile; fileRef = 9EC378612691F89300FA9856 /* secondViewController.swift */; };
/* End PBXBuildFile section */

/* Begin PBXFileReference section */
		9EC3784A2691F1BC00FA9856 /* DataTransferVC.app */ = {isa = PBXFileReference; explicitFileType = wrapper.application; includeInIndex = 0; path = DataTransferVC.app; sourceTree = BUILT_PRODUCTS_DIR; };
		9EC3784D2691F1BC00FA9856 /* AppDelegate.swift */ = {isa = PBXFileReference; lastKnownFileType = sourcecode.swift; path = AppDelegate.swift; sourceTree = "<group>"; };
		9EC3784F2691F1BC00FA9856 /* SceneDelegate.swift */ = {isa = PBXFileReference; lastKnownFileType = sourcecode.swift; path = SceneDelegate.swift; sourceTree = "<group>"; };
		9EC378512691F1BC00FA9856 /* ViewController.swift */ = {isa = PBXFileReference; lastKnownFileType = sourcecode.swift; path = ViewController.swift; sourceTree = "<group>"; };
		9EC378542691F1BC00FA9856 /* Base */ = {isa = PBXFileReference; lastKnownFileType = file.storyboard; name = Base; path = Base.lproj/Main.storyboard; sourceTree = "<group>"; };
		9EC378562691F1BE00FA9856 /* Assets.xcassets */ = {isa = PBXFileReference; lastKnownFileType = folder.assetcatalog; path = Assets.xcassets; sourceTree = "<group>"; };
		9EC378592691F1BE00FA9856 /* Base */ = {isa = PBXFileReference; lastKnownFileType = file.storyboard; name = Base; path = Base.lproj/LaunchScreen.storyboard; sourceTree = "<group>"; };
		9EC3785B2691F1BE00FA9856 /* Info.plist */ = {isa = PBXFileReference; lastKnownFileType = text.plist.xml; path = Info.plist; sourceTree = "<group>"; };
		9EC378612691F89300FA9856 /* secondViewController.swift */ = {isa = PBXFileReference; lastKnownFileType = sourcecode.swift; path = secondViewController.swift; sourceTree = "<group>"; };
/* End PBXFileReference section */

/* Begin PBXFrameworksBuildPhase section */
		9EC378472691F1BC00FA9856 /* Frameworks */ = {
			isa = PBXFrameworksBuildPhase;
			buildActionMask = 2147483647;
			files = (
			);
			runOnlyForDeploymentPostprocessing = 0;
		};
/* End PBXFrameworksBuildPhase section */

/* Begin PBXGroup section */
		9EC378412691F1BC00FA9856 = {
			isa = PBXGroup;
			children = (
				9EC3784C2691F1BC00FA9856 /* DataTransferVC */,
				9EC3784B2691F1BC00FA9856 /* Products */,
			);
			sourceTree = "<group>";
		};
		9EC3784B2691F1BC00FA9856 /* Products */ = {
			isa = PBXGroup;
			children = (
				9EC3784A2691F1BC00FA9856 /* DataTransferVC.app */,
			);
			name = Products;
			sourceTree = "<group>";
		};
		9EC3784C2691F1BC00FA9856 /* DataTransferVC */ = {
			isa = PBXGroup;
			children = (
				9EC3784D2691F1BC00FA9856 /* AppDelegate.swift */,
				9EC3784F2691F1BC00FA9856 /* SceneDelegate.swift */,
				9EC378512691F1BC00FA9856 /* ViewController.swift */,
				9EC378612691F89300FA9856 /* secondViewController.swift */,
				9EC378532691F1BC00FA9856 /* Main.storyboard */,
				9EC378562691F1BE00FA9856 /* Assets.xcassets */,
				9EC378582691F1BE00FA9856 /* LaunchScreen.storyboard */,
				9EC3785B2691F1BE00FA9856 /* Info.plist */,
			);
			path = DataTransferVC;
			sourceTree = "<group>";
		};
/* End PBXGroup section */

/* Begin PBXNativeTarget section */
		9EC378492691F1BC00FA9856 /* DataTransferVC */ = {
			isa = PBXNativeTarget;
			buildConfigurationList = 9EC3785E2691F1BE00FA9856 /* Build configuration list for PBXNativeTarget "DataTransferVC" */;
			buildPhases = (
				9EC378462691F1BC00FA9856 /* Sources */,
				9EC378472691F1BC00FA9856 /* Frameworks */,
				9EC378482691F1BC00FA9856 /* Resources */,
			);
			buildRules = (
			);
			dependencies = (
			);
			name = DataTransferVC;
			productName = DataTransferVC;
			productReference = 9EC3784A2691F1BC00FA9856 /* DataTransferVC.app */;
			productType = "com.apple.product-type.application";
		};
/* End PBXNativeTarget section */

/* Begin PBXProject section */
		9EC378422691F1BC00FA9856 /* Project object */ = {
			isa = PBXProject;
			attributes = {
				LastSwiftUpdateCheck = 1250;
				LastUpgradeCheck = 1250;
				TargetAttributes = {
					9EC378492691F1BC00FA9856 = {
						CreatedOnToolsVersion = 12.5.1;
					};
				};
			};
			buildConfigurationList = 9EC378452691F1BC00FA9856 /* Build configuration list for PBXProject "DataTransferVC" */;
			compatibilityVersion = "Xcode 9.3";
			developmentRegion = en;
			hasScannedForEncodings = 0;
			knownRegions = (
				en,
				Base,
			);
			mainGroup = 9EC378412691F1BC00FA9856;
			productRefGroup = 9EC3784B2691F1BC00FA9856 /* Products */;
			projectDirPath = "";
			projectRoot = "";
			targets = (
				9EC378492691F1BC00FA9856 /* DataTransferVC */,
			);
		};
/* End PBXProject section */

/* Begin PBXResourcesBuildPhase section */
		9EC378482691F1BC00FA9856 /* Resources */ = {
			isa = PBXResourcesBuildPhase;
			buildActionMask = 2147483647;
			files = (
				9EC3785A2691F1BE00FA9856 /* LaunchScreen.storyboard in Resources */,
				9EC378572691F1BE00FA9856 /* Assets.xcassets in Resources */,
				9EC378552691F1BC00FA9856 /* Main.storyboard in Resources */,
			);
			runOnlyForDeploymentPostprocessing = 0;
		};
/* End PBXResourcesBuildPhase section */

/* Begin PBXSourcesBuildPhase section */
		9EC378462691F1BC00FA9856 /* Sources */ = {
			isa = PBXSourcesBuildPhase;
			buildActionMask = 2147483647;
			files = (
				9EC378622691F89300FA9856 /* secondViewController.swift in Sources */,
				9EC378522691F1BC00FA9856 /* ViewController.swift in Sources */,
				9EC3784E2691F1BC00FA9856 /* AppDelegate.swift in Sources */,
				9EC378502691F1BC00FA9856 /* SceneDelegate.swift in Sources */,
			);
			runOnlyForDeploymentPostprocessing = 0;
		};
/* End PBXSourcesBuildPhase section */

/* Begin PBXVariantGroup section */
		9EC378532691F1BC00FA9856 /* Main.storyboard */ = {
			isa = PBXVariantGroup;
			children = (
				9EC378542691F1BC00FA9856 /* Base */,
			);
			name = Main.storyboard;
			sourceTree = "<group>";
		};
		9EC378582691F1BE00FA9856 /* LaunchScreen.storyboard */ = {
			isa = PBXVariantGroup;
			children = (
				9EC378592691F1BE00FA9856 /* Base */,
			);
			name = LaunchScreen.storyboard;
			sourceTree = "<group>";
		};
/* End PBXVariantGroup section */

/* Begin XCBuildConfiguration section */
		9EC3785C2691F1BE00FA9856 /* Debug */ = {
			isa = XCBuildConfiguration;
			buildSettings = {
				ALWAYS_SEARCH_USER_PATHS = NO;
				CLANG_ANALYZER_NONNULL = YES;
				CLANG_ANALYZER_NUMBER_OBJECT_CONVERSION = YES_AGGRESSIVE;
				CLANG_CXX_LANGUAGE_STANDARD = "gnu++14";
				CLANG_CXX_LIBRARY = "libc++";
				CLANG_ENABLE_MODULES = YES;
				CLANG_ENABLE_OBJC_ARC = YES;
				CLANG_ENABLE_OBJC_WEAK = YES;
				CLANG_WARN_BLOCK_CAPTURE_AUTORELEASING = YES;
				CLANG_WARN_BOOL_CONVERSION = YES;
				CLANG_WARN_COMMA = YES;
				CLANG_WARN_CONSTANT_CONVERSION = YES;
				CLANG_WARN_DEPRECATED_OBJC_IMPLEMENTATIONS = YES;
				CLANG_WARN_DIRECT_OBJC_ISA_USAGE = YES_ERROR;
				CLANG_WARN_DOCUMENTATION_COMMENTS = YES;
				CLANG_WARN_EMPTY_BODY = YES;
				CLANG_WARN_ENUM_CONVERSION = YES;
				CLANG_WARN_INFINITE_RECURSION = YES;
				CLANG_WARN_INT_CONVERSION = YES;
				CLANG_WARN_NON_LITERAL_NULL_CONVERSION = YES;
				CLANG_WARN_OBJC_IMPLICIT_RETAIN_SELF = YES;
				CLANG_WARN_OBJC_LITERAL_CONVERSION = YES;
				CLANG_WARN_OBJC_ROOT_CLASS = YES_ERROR;
				CLANG_WARN_QUOTED_INCLUDE_IN_FRAMEWORK_HEADER = YES;
				CLANG_WARN_RANGE_LOOP_ANALYSIS = YES;
				CLANG_WARN_STRICT_PROTOTYPES = YES;
				CLANG_WARN_SUSPICIOUS_MOVE = YES;
				CLANG_WARN_UNGUARDED_AVAILABILITY = YES_AGGRESSIVE;
				CLANG_WARN_UNREACHABLE_CODE = YES;
				CLANG_WARN__DUPLICATE_METHOD_MATCH = YES;
				COPY_PHASE_STRIP = NO;
				DEBUG_INFORMATION_FORMAT = dwarf;
				ENABLE_STRICT_OBJC_MSGSEND = YES;
				ENABLE_TESTABILITY = YES;
				GCC_C_LANGUAGE_STANDARD = gnu11;
				GCC_DYNAMIC_NO_PIC = NO;
				GCC_NO_COMMON_BLOCKS = YES;
				GCC_OPTIMIZATION_LEVEL = 0;
				GCC_PREPROCESSOR_DEFINITIONS = (
					"DEBUG=1",
					"$(inherited)",
				);
				GCC_WARN_64_TO_32_BIT_CONVERSION = YES;
				GCC_WARN_ABOUT_RETURN_TYPE = YES_ERROR;
				GCC_WARN_UNDECLARED_SELECTOR = YES;
				GCC_WARN_UNINITIALIZED_AUTOS = YES_AGGRESSIVE;
				GCC_WARN_UNUSED_FUNCTION = YES;
				GCC_WARN_UNUSED_VARIABLE = YES;
				IPHONEOS_DEPLOYMENT_TARGET = 14.5;
				MTL_ENABLE_DEBUG_INFO = INCLUDE_SOURCE;
				MTL_FAST_MATH = YES;
				ONLY_ACTIVE_ARCH = YES;
				SDKROOT = iphoneos;
				SWIFT_ACTIVE_COMPILATION_CONDITIONS = DEBUG;
				SWIFT_OPTIMIZATION_LEVEL = "-Onone";
			};
			name = Debug;
		};
		9EC3785D2691F1BE00FA9856 /* Release */ = {
			isa = XCBuildConfiguration;
			buildSettings = {
				ALWAYS_SEARCH_USER_PATHS = NO;
				CLANG_ANALYZER_NONNULL = YES;
				CLANG_ANALYZER_NUMBER_OBJECT_CONVERSION = YES_AGGRESSIVE;
				CLANG_CXX_LANGUAGE_STANDARD = "gnu++14";
				CLANG_CXX_LIBRARY = "libc++";
				CLANG_ENABLE_MODULES = YES;
				CLANG_ENABLE_OBJC_ARC = YES;
				CLANG_ENABLE_OBJC_WEAK = YES;
				CLANG_WARN_BLOCK_CAPTURE_AUTORELEASING = YES;
				CLANG_WARN_BOOL_CONVERSION = YES;
				CLANG_WARN_COMMA = YES;
				CLANG_WARN_CONSTANT_CONVERSION = YES;
				CLANG_WARN_DEPRECATED_OBJC_IMPLEMENTATIONS = YES;
				CLANG_WARN_DIRECT_OBJC_ISA_USAGE = YES_ERROR;
				CLANG_WARN_DOCUMENTATION_COMMENTS = YES;
				CLANG_WARN_EMPTY_BODY = YES;
				CLANG_WARN_ENUM_CONVERSION = YES;
				CLANG_WARN_INFINITE_RECURSION = YES;
				CLANG_WARN_INT_CONVERSION = YES;
				CLANG_WARN_NON_LITERAL_NULL_CONVERSION = YES;
				CLANG_WARN_OBJC_IMPLICIT_RETAIN_SELF = YES;
				CLANG_WARN_OBJC_LITERAL_CONVERSION = YES;
				CLANG_WARN_OBJC_ROOT_CLASS = YES_ERROR;
				CLANG_WARN_QUOTED_INCLUDE_IN_FRAMEWORK_HEADER = YES;
				CLANG_WARN_RANGE_LOOP_ANALYSIS = YES;
				CLANG_WARN_STRICT_PROTOTYPES = YES;
				CLANG_WARN_SUSPICIOUS_MOVE = YES;
				CLANG_WARN_UNGUARDED_AVAILABILITY = YES_AGGRESSIVE;
				CLANG_WARN_UNREACHABLE_CODE = YES;
				CLANG_WARN__DUPLICATE_METHOD_MATCH = YES;
				COPY_PHASE_STRIP = NO;
				DEBUG_INFORMATION_FORMAT = "dwarf-with-dsym";
				ENABLE_NS_ASSERTIONS = NO;
				ENABLE_STRICT_OBJC_MSGSEND = YES;
				GCC_C_LANGUAGE_STANDARD = gnu11;
				GCC_NO_COMMON_BLOCKS = YES;
				GCC_WARN_64_TO_32_BIT_CONVERSION = YES;
				GCC_WARN_ABOUT_RETURN_TYPE = YES_ERROR;
				GCC_WARN_UNDECLARED_SELECTOR = YES;
				GCC_WARN_UNINITIALIZED_AUTOS = YES_AGGRESSIVE;
				GCC_WARN_UNUSED_FUNCTION = YES;
				GCC_WARN_UNUSED_VARIABLE = YES;
				IPHONEOS_DEPLOYMENT_TARGET = 14.5;
				MTL_ENABLE_DEBUG_INFO = NO;
				MTL_FAST_MATH = YES;
				SDKROOT = iphoneos;
				SWIFT_COMPILATION_MODE = wholemodule;
				SWIFT_OPTIMIZATION_LEVEL = "-O";
				VALIDATE_PRODUCT = YES;
			};
			name = Release;
		};
		9EC3785F2691F1BE00FA9856 /* Debug */ = {
			isa = XCBuildConfiguration;
			buildSettings = {
				ASSETCATALOG_COMPILER_APPICON_NAME = AppIcon;
				ASSETCATALOG_COMPILER_GLOBAL_ACCENT_COLOR_NAME = AccentColor;
				CODE_SIGN_STYLE = Automatic;
				DEVELOPMENT_TEAM = 4N3Y67CRKB;
				INFOPLIST_FILE = DataTransferVC/Info.plist;
				LD_RUNPATH_SEARCH_PATHS = (
					"$(inherited)",
					"@executable_path/Frameworks",
				);
				PRODUCT_BUNDLE_IDENTIFIER = sabra.DataTransferVC;
				PRODUCT_NAME = "$(TARGET_NAME)";
				SWIFT_VERSION = 5.0;
				TARGETED_DEVICE_FAMILY = "1,2";
			};
			name = Debug;
		};
		9EC378602691F1BE00FA9856 /* Release */ = {
			isa = XCBuildConfiguration;
			buildSettings = {
				ASSETCATALOG_COMPILER_APPICON_NAME = AppIcon;
				ASSETCATALOG_COMPILER_GLOBAL_ACCENT_COLOR_NAME = AccentColor;
				CODE_SIGN_STYLE = Automatic;
				DEVELOPMENT_TEAM = 4N3Y67CRKB;
				INFOPLIST_FILE = DataTransferVC/Info.plist;
				LD_RUNPATH_SEARCH_PATHS = (
					"$(inherited)",
					"@executable_path/Frameworks",
				);
				PRODUCT_BUNDLE_IDENTIFIER = sabra.DataTransferVC;
				PRODUCT_NAME = "$(TARGET_NAME)";
				SWIFT_VERSION = 5.0;
				TARGETED_DEVICE_FAMILY = "1,2";
			};
			name = Release;
		};
/* End XCBuildConfiguration section */

/* Begin XCConfigurationList section */
		9EC378452691F1BC00FA9856 /* Build configuration list for PBXProject "DataTransferVC" */ = {
			isa = XCConfigurationList;
			buildConfigurations = (
				9EC3785C2691F1BE00FA9856 /* Debug */,
				9EC3785D2691F1BE00FA9856 /* Release */,
			);
			defaultConfigurationIsVisible = 0;
			defaultConfigurationName = Release;
		};
		9EC3785E2691F1BE00FA9856 /* Build configuration list for PBXNativeTarget "DataTransferVC" */ = {
			isa = XCConfigurationList;
			buildConfigurations = (
				9EC3785F2691F1BE00FA9856 /* Debug */,
				9EC378602691F1BE00FA9856 /* Release */,
			);
			defaultConfigurationIsVisible = 0;
			defaultConfigurationName = Release;
		};
/* End XCConfigurationList section */
	};
	rootObject = 9EC378422691F1BC00FA9856 /* Project object */;
}
